// !$*UTF8*$!
{
	archiveVersion = 1;
	classes = {
	};
	objectVersion = 48;
	objects = {

/* Begin PBXBuildFile section */
		204680FDE15B9F19EA504E92 /* Pods_NEEDLE.framework in Frameworks */ = {isa = PBXBuildFile; fileRef = FB626AD7BDBA0220CCA67130 /* Pods_NEEDLE.framework */; };
		A8C5F96C1FE6571300E49D85 /* ChatViewController.swift in Sources */ = {isa = PBXBuildFile; fileRef = A8C5F96B1FE6571300E49D85 /* ChatViewController.swift */; };
		E01203B81FDD69A500838638 /* EventPostView.swift in Sources */ = {isa = PBXBuildFile; fileRef = E01203B71FDD69A500838638 /* EventPostView.swift */; };
		E02FDFA21FDBE0560092BB84 /* ProfileHeaderView.swift in Sources */ = {isa = PBXBuildFile; fileRef = E02FDFA11FDBE0560092BB84 /* ProfileHeaderView.swift */; };
		E02FDFA41FDBE0910092BB84 /* ProfilePageTableViewController.swift in Sources */ = {isa = PBXBuildFile; fileRef = E02FDFA31FDBE0910092BB84 /* ProfilePageTableViewController.swift */; };
		E06176211FDAC56400E830CA /* loginScreenController.swift in Sources */ = {isa = PBXBuildFile; fileRef = E06176201FDAC56400E830CA /* loginScreenController.swift */; };
		E071697D1FE673DF00BEE09A /* SignInPageViewController.swift in Sources */ = {isa = PBXBuildFile; fileRef = E071697C1FE673DF00BEE09A /* SignInPageViewController.swift */; };
		E071697F1FE673F500BEE09A /* SignUpPageViewController.swift in Sources */ = {isa = PBXBuildFile; fileRef = E071697E1FE673F500BEE09A /* SignUpPageViewController.swift */; };
		E07A201A1FD2E2C1003DE64C /* GoogleService-Info.plist in Resources */ = {isa = PBXBuildFile; fileRef = E07A20191FD2E2C1003DE64C /* GoogleService-Info.plist */; };
		E0998E2B1FD30074003C97C0 /* menuListCell.swift in Sources */ = {isa = PBXBuildFile; fileRef = E0998E2A1FD30074003C97C0 /* menuListCell.swift */; };
		E0998E2F1FD30DF8003C97C0 /* loginAreaView.swift in Sources */ = {isa = PBXBuildFile; fileRef = E0998E2E1FD30DF8003C97C0 /* loginAreaView.swift */; };
		E09FB34D1FDC087F00D47536 /* EventPostCellTableViewCell.swift in Sources */ = {isa = PBXBuildFile; fileRef = E09FB34C1FDC087F00D47536 /* EventPostCellTableViewCell.swift */; };
		E09FB34F1FDC15C800D47536 /* Event.swift in Sources */ = {isa = PBXBuildFile; fileRef = E09FB34E1FDC15C800D47536 /* Event.swift */; };
		E09FB3511FDC302700D47536 /* UpTabbarController.swift in Sources */ = {isa = PBXBuildFile; fileRef = E09FB3501FDC302700D47536 /* UpTabbarController.swift */; };
		E0D087DC1FCEF0B3005681CC /* AppDelegate.swift in Sources */ = {isa = PBXBuildFile; fileRef = E0D087DB1FCEF0B3005681CC /* AppDelegate.swift */; };
		E0D087DE1FCEF0B3005681CC /* FirstViewController.swift in Sources */ = {isa = PBXBuildFile; fileRef = E0D087DD1FCEF0B3005681CC /* FirstViewController.swift */; };
		E0D087E01FCEF0B3005681CC /* SecondViewController.swift in Sources */ = {isa = PBXBuildFile; fileRef = E0D087DF1FCEF0B3005681CC /* SecondViewController.swift */; };
		E0D087E31FCEF0B3005681CC /* Main.storyboard in Resources */ = {isa = PBXBuildFile; fileRef = E0D087E11FCEF0B3005681CC /* Main.storyboard */; };
		E0D087E51FCEF0B3005681CC /* Assets.xcassets in Resources */ = {isa = PBXBuildFile; fileRef = E0D087E41FCEF0B3005681CC /* Assets.xcassets */; };
		E0D087E81FCEF0B3005681CC /* LaunchScreen.storyboard in Resources */ = {isa = PBXBuildFile; fileRef = E0D087E61FCEF0B3005681CC /* LaunchScreen.storyboard */; };
		E0D087F11FCEF3C0005681CC /* ThirdViewController.swift in Sources */ = {isa = PBXBuildFile; fileRef = E0D087F01FCEF3C0005681CC /* ThirdViewController.swift */; };
		E0D087F31FCEF568005681CC /* FourthViewController.swift in Sources */ = {isa = PBXBuildFile; fileRef = E0D087F21FCEF568005681CC /* FourthViewController.swift */; };
		E0D087F51FCEF579005681CC /* FifthViewController.swift in Sources */ = {isa = PBXBuildFile; fileRef = E0D087F41FCEF579005681CC /* FifthViewController.swift */; };
		E0D087F71FCF078F005681CC /* NeedleTabBarItem.swift in Sources */ = {isa = PBXBuildFile; fileRef = E0D087F61FCF078F005681CC /* NeedleTabBarItem.swift */; };
		E0D087FA1FCF0C9B005681CC /* NeedleNavigationBar.swift in Sources */ = {isa = PBXBuildFile; fileRef = E0D087F91FCF0C9B005681CC /* NeedleNavigationBar.swift */; };
		E0D088031FCF1515005681CC /* UINavigationBar+gradient.swift in Sources */ = {isa = PBXBuildFile; fileRef = E0D088021FCF1515005681CC /* UINavigationBar+gradient.swift */; };
		E0D088051FCF1553005681CC /* CAGradientLayer.swift in Sources */ = {isa = PBXBuildFile; fileRef = E0D088041FCF1553005681CC /* CAGradientLayer.swift */; };
		E0D088071FCF16E2005681CC /* UIColor+Ext.swift in Sources */ = {isa = PBXBuildFile; fileRef = E0D088061FCF16E2005681CC /* UIColor+Ext.swift */; };
		E0EDA8421FD28D1100A1A57E /* NMapViewerSDK.framework in Frameworks */ = {isa = PBXBuildFile; fileRef = E0EDA8411FD28D1100A1A57E /* NMapViewerSDK.framework */; };
		E0EDA8441FD28DB400A1A57E /* ApiGatewayMac.framework in Frameworks */ = {isa = PBXBuildFile; fileRef = E0EDA8431FD28DB400A1A57E /* ApiGatewayMac.framework */; };
		E0EDA8451FD28DB400A1A57E /* ApiGatewayMac.framework in Embed Frameworks */ = {isa = PBXBuildFile; fileRef = E0EDA8431FD28DB400A1A57E /* ApiGatewayMac.framework */; settings = {ATTRIBUTES = (CodeSignOnCopy, RemoveHeadersOnCopy, ); }; };
		E0EDA84A1FD2917B00A1A57E /* NMapViewResources.swift in Sources */ = {isa = PBXBuildFile; fileRef = E0EDA8491FD2917B00A1A57E /* NMapViewResources.swift */; };
		E0F532BA1FE4000F00221EF1 /* MessageTabBarController.swift in Sources */ = {isa = PBXBuildFile; fileRef = E0F532B91FE4000F00221EF1 /* MessageTabBarController.swift */; };
		E0F532BC1FE4216B00221EF1 /* MessageAllViewController.swift in Sources */ = {isa = PBXBuildFile; fileRef = E0F532BB1FE4216B00221EF1 /* MessageAllViewController.swift */; };
		E0F532BE1FE4219600221EF1 /* MessageAnnounceViewController.swift in Sources */ = {isa = PBXBuildFile; fileRef = E0F532BD1FE4219600221EF1 /* MessageAnnounceViewController.swift */; };
		E0F532C01FE421AC00221EF1 /* MessageDirectViewController.swift in Sources */ = {isa = PBXBuildFile; fileRef = E0F532BF1FE421AC00221EF1 /* MessageDirectViewController.swift */; };
		E0F532C21FE429BF00221EF1 /* EventsTabBarController.swift in Sources */ = {isa = PBXBuildFile; fileRef = E0F532C11FE429BF00221EF1 /* EventsTabBarController.swift */; };
		E0F532C41FE42AFB00221EF1 /* FollowerViewController.swift in Sources */ = {isa = PBXBuildFile; fileRef = E0F532C31FE42AFB00221EF1 /* FollowerViewController.swift */; };
		E0F532C61FE42B1500221EF1 /* NowEventsViewController.swift in Sources */ = {isa = PBXBuildFile; fileRef = E0F532C51FE42B1500221EF1 /* NowEventsViewController.swift */; };
		E0F532C81FE42B2700221EF1 /* FinishedEventsViewController.swift in Sources */ = {isa = PBXBuildFile; fileRef = E0F532C71FE42B2700221EF1 /* FinishedEventsViewController.swift */; };
		E0F532CA1FE42F7100221EF1 /* MapKit.framework in Frameworks */ = {isa = PBXBuildFile; fileRef = E0F532C91FE42F7100221EF1 /* MapKit.framework */; };
		E0F532CC1FE4F52F00221EF1 /* EventInfoViewController.swift in Sources */ = {isa = PBXBuildFile; fileRef = E0F532CB1FE4F52F00221EF1 /* EventInfoViewController.swift */; };
		E0F532CE1FE4FC0800221EF1 /* EventPageTabBarController.swift in Sources */ = {isa = PBXBuildFile; fileRef = E0F532CD1FE4FC0800221EF1 /* EventPageTabBarController.swift */; };
		E0F532D01FE5109300221EF1 /* InfoTableViewCell.swift in Sources */ = {isa = PBXBuildFile; fileRef = E0F532CF1FE5109300221EF1 /* InfoTableViewCell.swift */; };
		E0F532D21FE5561800221EF1 /* EventFeedViewController.swift in Sources */ = {isa = PBXBuildFile; fileRef = E0F532D11FE5561800221EF1 /* EventFeedViewController.swift */; };
		E0F532D41FE5562A00221EF1 /* EventPhotoViewController.swift in Sources */ = {isa = PBXBuildFile; fileRef = E0F532D31FE5562A00221EF1 /* EventPhotoViewController.swift */; };
		E0F532D61FE5563800221EF1 /* EventFileViewController.swift in Sources */ = {isa = PBXBuildFile; fileRef = E0F532D51FE5563800221EF1 /* EventFileViewController.swift */; };
		E0F532D91FE5564F00221EF1 /* EventQAViewController.swift in Sources */ = {isa = PBXBuildFile; fileRef = E0F532D81FE5564F00221EF1 /* EventQAViewController.swift */; };
		E0F532DB1FE5775400221EF1 /* addEventTableViewController.swift in Sources */ = {isa = PBXBuildFile; fileRef = E0F532DA1FE5775400221EF1 /* addEventTableViewController.swift */; };
		E0F532DF1FE5856500221EF1 /* UnderlinedTextField.swift in Sources */ = {isa = PBXBuildFile; fileRef = E0F532DE1FE5856500221EF1 /* UnderlinedTextField.swift */; };
/* End PBXBuildFile section */

/* Begin PBXCopyFilesBuildPhase section */
		E0EDA8461FD28DB500A1A57E /* Embed Frameworks */ = {
			isa = PBXCopyFilesBuildPhase;
			buildActionMask = 2147483647;
			dstPath = "";
			dstSubfolderSpec = 10;
			files = (
				E0EDA8451FD28DB400A1A57E /* ApiGatewayMac.framework in Embed Frameworks */,
			);
			name = "Embed Frameworks";
			runOnlyForDeploymentPostprocessing = 0;
		};
/* End PBXCopyFilesBuildPhase section */

/* Begin PBXFileReference section */
		781FE9419F45003A51708488 /* Pods-NEEDLE.release.xcconfig */ = {isa = PBXFileReference; includeInIndex = 1; lastKnownFileType = text.xcconfig; name = "Pods-NEEDLE.release.xcconfig"; path = "Pods/Target Support Files/Pods-NEEDLE/Pods-NEEDLE.release.xcconfig"; sourceTree = "<group>"; };
		A8C5F96B1FE6571300E49D85 /* ChatViewController.swift */ = {isa = PBXFileReference; lastKnownFileType = sourcecode.swift; path = ChatViewController.swift; sourceTree = "<group>"; };
		B2074370684790E0ADEB605B /* Pods-NEEDLE.debug.xcconfig */ = {isa = PBXFileReference; includeInIndex = 1; lastKnownFileType = text.xcconfig; name = "Pods-NEEDLE.debug.xcconfig"; path = "Pods/Target Support Files/Pods-NEEDLE/Pods-NEEDLE.debug.xcconfig"; sourceTree = "<group>"; };
		E01203B71FDD69A500838638 /* EventPostView.swift */ = {isa = PBXFileReference; lastKnownFileType = sourcecode.swift; path = EventPostView.swift; sourceTree = "<group>"; };
		E02FDFA11FDBE0560092BB84 /* ProfileHeaderView.swift */ = {isa = PBXFileReference; lastKnownFileType = sourcecode.swift; path = ProfileHeaderView.swift; sourceTree = "<group>"; };
		E02FDFA31FDBE0910092BB84 /* ProfilePageTableViewController.swift */ = {isa = PBXFileReference; lastKnownFileType = sourcecode.swift; path = ProfilePageTableViewController.swift; sourceTree = "<group>"; };
		E06176201FDAC56400E830CA /* loginScreenController.swift */ = {isa = PBXFileReference; lastKnownFileType = sourcecode.swift; path = loginScreenController.swift; sourceTree = "<group>"; };
		E071697C1FE673DF00BEE09A /* SignInPageViewController.swift */ = {isa = PBXFileReference; lastKnownFileType = sourcecode.swift; path = SignInPageViewController.swift; sourceTree = "<group>"; };
		E071697E1FE673F500BEE09A /* SignUpPageViewController.swift */ = {isa = PBXFileReference; lastKnownFileType = sourcecode.swift; path = SignUpPageViewController.swift; sourceTree = "<group>"; };
		E07A20191FD2E2C1003DE64C /* GoogleService-Info.plist */ = {isa = PBXFileReference; fileEncoding = 4; lastKnownFileType = text.plist.xml; path = "GoogleService-Info.plist"; sourceTree = "<group>"; };
		E0998E2A1FD30074003C97C0 /* menuListCell.swift */ = {isa = PBXFileReference; lastKnownFileType = sourcecode.swift; path = menuListCell.swift; sourceTree = "<group>"; };
		E0998E2E1FD30DF8003C97C0 /* loginAreaView.swift */ = {isa = PBXFileReference; lastKnownFileType = sourcecode.swift; path = loginAreaView.swift; sourceTree = "<group>"; };
		E09FB34C1FDC087F00D47536 /* EventPostCellTableViewCell.swift */ = {isa = PBXFileReference; lastKnownFileType = sourcecode.swift; path = EventPostCellTableViewCell.swift; sourceTree = "<group>"; };
		E09FB34E1FDC15C800D47536 /* Event.swift */ = {isa = PBXFileReference; lastKnownFileType = sourcecode.swift; path = Event.swift; sourceTree = "<group>"; };
		E09FB3501FDC302700D47536 /* UpTabbarController.swift */ = {isa = PBXFileReference; lastKnownFileType = sourcecode.swift; path = UpTabbarController.swift; sourceTree = "<group>"; };
		E0D087D81FCEF0B3005681CC /* NEEDLE.app */ = {isa = PBXFileReference; explicitFileType = wrapper.application; includeInIndex = 0; path = NEEDLE.app; sourceTree = BUILT_PRODUCTS_DIR; };
		E0D087DB1FCEF0B3005681CC /* AppDelegate.swift */ = {isa = PBXFileReference; lastKnownFileType = sourcecode.swift; path = AppDelegate.swift; sourceTree = "<group>"; };
		E0D087DD1FCEF0B3005681CC /* FirstViewController.swift */ = {isa = PBXFileReference; lastKnownFileType = sourcecode.swift; path = FirstViewController.swift; sourceTree = "<group>"; };
		E0D087DF1FCEF0B3005681CC /* SecondViewController.swift */ = {isa = PBXFileReference; lastKnownFileType = sourcecode.swift; path = SecondViewController.swift; sourceTree = "<group>"; };
		E0D087E21FCEF0B3005681CC /* Base */ = {isa = PBXFileReference; lastKnownFileType = file.storyboard; name = Base; path = Base.lproj/Main.storyboard; sourceTree = "<group>"; };
		E0D087E41FCEF0B3005681CC /* Assets.xcassets */ = {isa = PBXFileReference; lastKnownFileType = folder.assetcatalog; path = Assets.xcassets; sourceTree = "<group>"; };
		E0D087E71FCEF0B3005681CC /* Base */ = {isa = PBXFileReference; lastKnownFileType = file.storyboard; name = Base; path = Base.lproj/LaunchScreen.storyboard; sourceTree = "<group>"; };
		E0D087E91FCEF0B3005681CC /* Info.plist */ = {isa = PBXFileReference; lastKnownFileType = text.plist.xml; path = Info.plist; sourceTree = "<group>"; };
		E0D087F01FCEF3C0005681CC /* ThirdViewController.swift */ = {isa = PBXFileReference; lastKnownFileType = sourcecode.swift; path = ThirdViewController.swift; sourceTree = "<group>"; };
		E0D087F21FCEF568005681CC /* FourthViewController.swift */ = {isa = PBXFileReference; lastKnownFileType = sourcecode.swift; path = FourthViewController.swift; sourceTree = "<group>"; };
		E0D087F41FCEF579005681CC /* FifthViewController.swift */ = {isa = PBXFileReference; lastKnownFileType = sourcecode.swift; path = FifthViewController.swift; sourceTree = "<group>"; };
		E0D087F61FCF078F005681CC /* NeedleTabBarItem.swift */ = {isa = PBXFileReference; lastKnownFileType = sourcecode.swift; path = NeedleTabBarItem.swift; sourceTree = "<group>"; };
		E0D087F91FCF0C9B005681CC /* NeedleNavigationBar.swift */ = {isa = PBXFileReference; lastKnownFileType = sourcecode.swift; path = NeedleNavigationBar.swift; sourceTree = "<group>"; };
		E0D088021FCF1515005681CC /* UINavigationBar+gradient.swift */ = {isa = PBXFileReference; lastKnownFileType = sourcecode.swift; path = "UINavigationBar+gradient.swift"; sourceTree = "<group>"; };
		E0D088041FCF1553005681CC /* CAGradientLayer.swift */ = {isa = PBXFileReference; lastKnownFileType = sourcecode.swift; path = CAGradientLayer.swift; sourceTree = "<group>"; };
		E0D088061FCF16E2005681CC /* UIColor+Ext.swift */ = {isa = PBXFileReference; lastKnownFileType = sourcecode.swift; path = "UIColor+Ext.swift"; sourceTree = "<group>"; };
		E0EDA8411FD28D1100A1A57E /* NMapViewerSDK.framework */ = {isa = PBXFileReference; lastKnownFileType = wrapper.framework; path = NMapViewerSDK.framework; sourceTree = "<group>"; };
		E0EDA8431FD28DB400A1A57E /* ApiGatewayMac.framework */ = {isa = PBXFileReference; lastKnownFileType = wrapper.framework; path = ApiGatewayMac.framework; sourceTree = "<group>"; };
		E0EDA8481FD28F2300A1A57E /* NMHeader.h */ = {isa = PBXFileReference; lastKnownFileType = sourcecode.c.h; path = NMHeader.h; sourceTree = "<group>"; };
		E0EDA8491FD2917B00A1A57E /* NMapViewResources.swift */ = {isa = PBXFileReference; lastKnownFileType = sourcecode.swift; path = NMapViewResources.swift; sourceTree = "<group>"; };
		E0F532B91FE4000F00221EF1 /* MessageTabBarController.swift */ = {isa = PBXFileReference; lastKnownFileType = sourcecode.swift; path = MessageTabBarController.swift; sourceTree = "<group>"; };
		E0F532BB1FE4216B00221EF1 /* MessageAllViewController.swift */ = {isa = PBXFileReference; lastKnownFileType = sourcecode.swift; path = MessageAllViewController.swift; sourceTree = "<group>"; };
		E0F532BD1FE4219600221EF1 /* MessageAnnounceViewController.swift */ = {isa = PBXFileReference; lastKnownFileType = sourcecode.swift; path = MessageAnnounceViewController.swift; sourceTree = "<group>"; };
		E0F532BF1FE421AC00221EF1 /* MessageDirectViewController.swift */ = {isa = PBXFileReference; lastKnownFileType = sourcecode.swift; path = MessageDirectViewController.swift; sourceTree = "<group>"; };
		E0F532C11FE429BF00221EF1 /* EventsTabBarController.swift */ = {isa = PBXFileReference; lastKnownFileType = sourcecode.swift; path = EventsTabBarController.swift; sourceTree = "<group>"; };
		E0F532C31FE42AFB00221EF1 /* FollowerViewController.swift */ = {isa = PBXFileReference; lastKnownFileType = sourcecode.swift; path = FollowerViewController.swift; sourceTree = "<group>"; };
		E0F532C51FE42B1500221EF1 /* NowEventsViewController.swift */ = {isa = PBXFileReference; lastKnownFileType = sourcecode.swift; path = NowEventsViewController.swift; sourceTree = "<group>"; };
		E0F532C71FE42B2700221EF1 /* FinishedEventsViewController.swift */ = {isa = PBXFileReference; lastKnownFileType = sourcecode.swift; path = FinishedEventsViewController.swift; sourceTree = "<group>"; };
		E0F532C91FE42F7100221EF1 /* MapKit.framework */ = {isa = PBXFileReference; lastKnownFileType = wrapper.framework; name = MapKit.framework; path = System/Library/Frameworks/MapKit.framework; sourceTree = SDKROOT; };
		E0F532CB1FE4F52F00221EF1 /* EventInfoViewController.swift */ = {isa = PBXFileReference; lastKnownFileType = sourcecode.swift; path = EventInfoViewController.swift; sourceTree = "<group>"; };
		E0F532CD1FE4FC0800221EF1 /* EventPageTabBarController.swift */ = {isa = PBXFileReference; lastKnownFileType = sourcecode.swift; path = EventPageTabBarController.swift; sourceTree = "<group>"; };
		E0F532CF1FE5109300221EF1 /* InfoTableViewCell.swift */ = {isa = PBXFileReference; lastKnownFileType = sourcecode.swift; path = InfoTableViewCell.swift; sourceTree = "<group>"; };
		E0F532D11FE5561800221EF1 /* EventFeedViewController.swift */ = {isa = PBXFileReference; lastKnownFileType = sourcecode.swift; path = EventFeedViewController.swift; sourceTree = "<group>"; };
		E0F532D31FE5562A00221EF1 /* EventPhotoViewController.swift */ = {isa = PBXFileReference; lastKnownFileType = sourcecode.swift; path = EventPhotoViewController.swift; sourceTree = "<group>"; };
		E0F532D51FE5563800221EF1 /* EventFileViewController.swift */ = {isa = PBXFileReference; lastKnownFileType = sourcecode.swift; path = EventFileViewController.swift; sourceTree = "<group>"; };
		E0F532D81FE5564F00221EF1 /* EventQAViewController.swift */ = {isa = PBXFileReference; lastKnownFileType = sourcecode.swift; path = EventQAViewController.swift; sourceTree = "<group>"; };
		E0F532DA1FE5775400221EF1 /* addEventTableViewController.swift */ = {isa = PBXFileReference; lastKnownFileType = sourcecode.swift; path = addEventTableViewController.swift; sourceTree = "<group>"; };
		E0F532DE1FE5856500221EF1 /* UnderlinedTextField.swift */ = {isa = PBXFileReference; lastKnownFileType = sourcecode.swift; path = UnderlinedTextField.swift; sourceTree = "<group>"; };
		FB626AD7BDBA0220CCA67130 /* Pods_NEEDLE.framework */ = {isa = PBXFileReference; explicitFileType = wrapper.framework; includeInIndex = 0; path = Pods_NEEDLE.framework; sourceTree = BUILT_PRODUCTS_DIR; };
/* End PBXFileReference section */

/* Begin PBXFrameworksBuildPhase section */
		E0D087D51FCEF0B3005681CC /* Frameworks */ = {
			isa = PBXFrameworksBuildPhase;
			buildActionMask = 2147483647;
			files = (
				E0EDA8441FD28DB400A1A57E /* ApiGatewayMac.framework in Frameworks */,
				E0EDA8421FD28D1100A1A57E /* NMapViewerSDK.framework in Frameworks */,
				E0F532CA1FE42F7100221EF1 /* MapKit.framework in Frameworks */,
				204680FDE15B9F19EA504E92 /* Pods_NEEDLE.framework in Frameworks */,
			);
			runOnlyForDeploymentPostprocessing = 0;
		};
/* End PBXFrameworksBuildPhase section */

/* Begin PBXGroup section */
		2D0707CF5014977B55D22E1D /* Pods */ = {
			isa = PBXGroup;
			children = (
				B2074370684790E0ADEB605B /* Pods-NEEDLE.debug.xcconfig */,
				781FE9419F45003A51708488 /* Pods-NEEDLE.release.xcconfig */,
			);
			name = Pods;
			sourceTree = "<group>";
		};
		E0D087CF1FCEF0B3005681CC = {
			isa = PBXGroup;
			children = (
				E0EDA8431FD28DB400A1A57E /* ApiGatewayMac.framework */,
				E0D087DA1FCEF0B3005681CC /* NEEDLE */,
				E0D087D91FCEF0B3005681CC /* Products */,
				E0EDA83E1FD28BF500A1A57E /* Frameworks */,
				2D0707CF5014977B55D22E1D /* Pods */,
			);
			sourceTree = "<group>";
		};
		E0D087D91FCEF0B3005681CC /* Products */ = {
			isa = PBXGroup;
			children = (
				E0D087D81FCEF0B3005681CC /* NEEDLE.app */,
			);
			name = Products;
			sourceTree = "<group>";
		};
		E0D087DA1FCEF0B3005681CC /* NEEDLE */ = {
			isa = PBXGroup;
			children = (
				E0D087DB1FCEF0B3005681CC /* AppDelegate.swift */,
				E0D088011FCF111A005681CC /* Storyboard */,
				E0D088001FCF10C3005681CC /* Model */,
				E0D087F81FCF079C005681CC /* View */,
				E0D087EF1FCEF394005681CC /* Controller */,
				E0D087E41FCEF0B3005681CC /* Assets.xcassets */,
				E0D087E61FCEF0B3005681CC /* LaunchScreen.storyboard */,
				E0D087E91FCEF0B3005681CC /* Info.plist */,
				E0D087FB1FCF0D74005681CC /* Extension */,
				E0EDA8481FD28F2300A1A57E /* NMHeader.h */,
				E07A20191FD2E2C1003DE64C /* GoogleService-Info.plist */,
			);
			path = NEEDLE;
			sourceTree = "<group>";
		};
		E0D087EF1FCEF394005681CC /* Controller */ = {
			isa = PBXGroup;
			children = (
				E0D087DD1FCEF0B3005681CC /* FirstViewController.swift */,
				E0D087DF1FCEF0B3005681CC /* SecondViewController.swift */,
				E0F532DA1FE5775400221EF1 /* addEventTableViewController.swift */,
				E0D087F01FCEF3C0005681CC /* ThirdViewController.swift */,
				E0D087F21FCEF568005681CC /* FourthViewController.swift */,
				E0D087F41FCEF579005681CC /* FifthViewController.swift */,
				E06176201FDAC56400E830CA /* loginScreenController.swift */,
				E02FDFA31FDBE0910092BB84 /* ProfilePageTableViewController.swift */,
				E09FB3501FDC302700D47536 /* UpTabbarController.swift */,
				E0F532B91FE4000F00221EF1 /* MessageTabBarController.swift */,
				E0F532BB1FE4216B00221EF1 /* MessageAllViewController.swift */,
				E0F532BD1FE4219600221EF1 /* MessageAnnounceViewController.swift */,
				E0F532BF1FE421AC00221EF1 /* MessageDirectViewController.swift */,
				E0F532C11FE429BF00221EF1 /* EventsTabBarController.swift */,
				E0F532C31FE42AFB00221EF1 /* FollowerViewController.swift */,
				E0F532C51FE42B1500221EF1 /* NowEventsViewController.swift */,
				E0F532C71FE42B2700221EF1 /* FinishedEventsViewController.swift */,
				E0F532CD1FE4FC0800221EF1 /* EventPageTabBarController.swift */,
				E0F532CB1FE4F52F00221EF1 /* EventInfoViewController.swift */,
				E0F532D11FE5561800221EF1 /* EventFeedViewController.swift */,
				E0F532D31FE5562A00221EF1 /* EventPhotoViewController.swift */,
				E0F532D51FE5563800221EF1 /* EventFileViewController.swift */,
				E0F532D81FE5564F00221EF1 /* EventQAViewController.swift */,
				A8C5F96B1FE6571300E49D85 /* ChatViewController.swift */,
				E071697C1FE673DF00BEE09A /* SignInPageViewController.swift */,
				E071697E1FE673F500BEE09A /* SignUpPageViewController.swift */,
			);
			path = Controller;
			sourceTree = "<group>";
		};
		E0D087F81FCF079C005681CC /* View */ = {
			isa = PBXGroup;
			children = (
				E0D087F61FCF078F005681CC /* NeedleTabBarItem.swift */,
				E0D087F91FCF0C9B005681CC /* NeedleNavigationBar.swift */,
				E0998E2A1FD30074003C97C0 /* menuListCell.swift */,
				E0998E2E1FD30DF8003C97C0 /* loginAreaView.swift */,
				E02FDFA11FDBE0560092BB84 /* ProfileHeaderView.swift */,
				E09FB34C1FDC087F00D47536 /* EventPostCellTableViewCell.swift */,
				E01203B71FDD69A500838638 /* EventPostView.swift */,
				E0F532CF1FE5109300221EF1 /* InfoTableViewCell.swift */,
			);
			path = View;
			sourceTree = "<group>";
		};
		E0D087FB1FCF0D74005681CC /* Extension */ = {
			isa = PBXGroup;
			children = (
				E0D088021FCF1515005681CC /* UINavigationBar+gradient.swift */,
				E0D088041FCF1553005681CC /* CAGradientLayer.swift */,
				E0D088061FCF16E2005681CC /* UIColor+Ext.swift */,
				E0F532DE1FE5856500221EF1 /* UnderlinedTextField.swift */,
			);
			path = Extension;
			sourceTree = "<group>";
		};
		E0D088001FCF10C3005681CC /* Model */ = {
			isa = PBXGroup;
			children = (
				E0EDA8491FD2917B00A1A57E /* NMapViewResources.swift */,
				E09FB34E1FDC15C800D47536 /* Event.swift */,
			);
			path = Model;
			sourceTree = "<group>";
		};
		E0D088011FCF111A005681CC /* Storyboard */ = {
			isa = PBXGroup;
			children = (
				E0D087E11FCEF0B3005681CC /* Main.storyboard */,
			);
			path = Storyboard;
			sourceTree = "<group>";
		};
		E0EDA83E1FD28BF500A1A57E /* Frameworks */ = {
			isa = PBXGroup;
			children = (
				E0F532C91FE42F7100221EF1 /* MapKit.framework */,
				E0EDA8411FD28D1100A1A57E /* NMapViewerSDK.framework */,
				FB626AD7BDBA0220CCA67130 /* Pods_NEEDLE.framework */,
			);
			name = Frameworks;
			sourceTree = "<group>";
		};
/* End PBXGroup section */

/* Begin PBXNativeTarget section */
		E0D087D71FCEF0B3005681CC /* NEEDLE */ = {
			isa = PBXNativeTarget;
			buildConfigurationList = E0D087EC1FCEF0B3005681CC /* Build configuration list for PBXNativeTarget "NEEDLE" */;
			buildPhases = (
				33F80F16ED4FBD61B63CEBD8 /* [CP] Check Pods Manifest.lock */,
				E0D087D41FCEF0B3005681CC /* Sources */,
				E0D087D51FCEF0B3005681CC /* Frameworks */,
				E0D087D61FCEF0B3005681CC /* Resources */,
				E0EDA8461FD28DB500A1A57E /* Embed Frameworks */,
				E0EDA8471FD28DDC00A1A57E /* ShellScript */,
				D66516B2D24C10B9D1E32341 /* [CP] Embed Pods Frameworks */,
				B00E2E7771D9E697DB137402 /* [CP] Copy Pods Resources */,
			);
			buildRules = (
			);
			dependencies = (
			);
			name = NEEDLE;
			productName = niddle;
			productReference = E0D087D81FCEF0B3005681CC /* NEEDLE.app */;
			productType = "com.apple.product-type.application";
		};
/* End PBXNativeTarget section */

/* Begin PBXProject section */
		E0D087D01FCEF0B3005681CC /* Project object */ = {
			isa = PBXProject;
			attributes = {
				LastSwiftUpdateCheck = 0910;
				LastUpgradeCheck = 0910;
				ORGANIZATIONNAME = JasonKim;
				TargetAttributes = {
					E0D087D71FCEF0B3005681CC = {
						CreatedOnToolsVersion = 9.1;
						ProvisioningStyle = Automatic;
						SystemCapabilities = {
							com.apple.Maps.iOS = {
								enabled = 1;
							};
						};
					};
				};
			};
			buildConfigurationList = E0D087D31FCEF0B3005681CC /* Build configuration list for PBXProject "NEEDLE" */;
			compatibilityVersion = "Xcode 8.0";
			developmentRegion = en;
			hasScannedForEncodings = 0;
			knownRegions = (
				en,
				Base,
			);
			mainGroup = E0D087CF1FCEF0B3005681CC;
			productRefGroup = E0D087D91FCEF0B3005681CC /* Products */;
			projectDirPath = "";
			projectRoot = "";
			targets = (
				E0D087D71FCEF0B3005681CC /* NEEDLE */,
			);
		};
/* End PBXProject section */

/* Begin PBXResourcesBuildPhase section */
		E0D087D61FCEF0B3005681CC /* Resources */ = {
			isa = PBXResourcesBuildPhase;
			buildActionMask = 2147483647;
			files = (
				E0D087E81FCEF0B3005681CC /* LaunchScreen.storyboard in Resources */,
				E07A201A1FD2E2C1003DE64C /* GoogleService-Info.plist in Resources */,
				E0D087E51FCEF0B3005681CC /* Assets.xcassets in Resources */,
				E0D087E31FCEF0B3005681CC /* Main.storyboard in Resources */,
			);
			runOnlyForDeploymentPostprocessing = 0;
		};
/* End PBXResourcesBuildPhase section */

/* Begin PBXShellScriptBuildPhase section */
		33F80F16ED4FBD61B63CEBD8 /* [CP] Check Pods Manifest.lock */ = {
			isa = PBXShellScriptBuildPhase;
			buildActionMask = 2147483647;
			files = (
			);
			inputPaths = (
				"${PODS_PODFILE_DIR_PATH}/Podfile.lock",
				"${PODS_ROOT}/Manifest.lock",
			);
			name = "[CP] Check Pods Manifest.lock";
			outputPaths = (
				"$(DERIVED_FILE_DIR)/Pods-NEEDLE-checkManifestLockResult.txt",
			);
			runOnlyForDeploymentPostprocessing = 0;
			shellPath = /bin/sh;
			shellScript = "diff \"${PODS_PODFILE_DIR_PATH}/Podfile.lock\" \"${PODS_ROOT}/Manifest.lock\" > /dev/null\nif [ $? != 0 ] ; then\n    # print error to STDERR\n    echo \"error: The sandbox is not in sync with the Podfile.lock. Run 'pod install' or update your CocoaPods installation.\" >&2\n    exit 1\nfi\n# This output is used by Xcode 'outputs' to avoid re-running this script phase.\necho \"SUCCESS\" > \"${SCRIPT_OUTPUT_FILE_0}\"\n";
			showEnvVarsInLog = 0;
		};
		B00E2E7771D9E697DB137402 /* [CP] Copy Pods Resources */ = {
			isa = PBXShellScriptBuildPhase;
			buildActionMask = 2147483647;
			files = (
			);
			inputPaths = (
			);
			name = "[CP] Copy Pods Resources";
			outputPaths = (
			);
			runOnlyForDeploymentPostprocessing = 0;
			shellPath = /bin/sh;
			shellScript = "\"${SRCROOT}/Pods/Target Support Files/Pods-NEEDLE/Pods-NEEDLE-resources.sh\"\n";
			showEnvVarsInLog = 0;
		};
		D66516B2D24C10B9D1E32341 /* [CP] Embed Pods Frameworks */ = {
			isa = PBXShellScriptBuildPhase;
			buildActionMask = 2147483647;
			files = (
			);
			inputPaths = (
				"${SRCROOT}/Pods/Target Support Files/Pods-NEEDLE/Pods-NEEDLE-frameworks.sh",
				"${BUILT_PRODUCTS_DIR}/GTMSessionFetcher/GTMSessionFetcher.framework",
				"${BUILT_PRODUCTS_DIR}/GoogleToolboxForMac/GoogleToolboxForMac.framework",
				"${BUILT_PRODUCTS_DIR}/JSQMessagesViewController/JSQMessagesViewController.framework",
				"${BUILT_PRODUCTS_DIR}/JSQSystemSoundPlayer/JSQSystemSoundPlayer.framework",
				"${BUILT_PRODUCTS_DIR}/Protobuf/Protobuf.framework",
				"${BUILT_PRODUCTS_DIR}/leveldb-library/leveldb.framework",
				"${BUILT_PRODUCTS_DIR}/nanopb/nanopb.framework",
			);
			name = "[CP] Embed Pods Frameworks";
			outputPaths = (
				"${TARGET_BUILD_DIR}/${FRAMEWORKS_FOLDER_PATH}/GTMSessionFetcher.framework",
				"${TARGET_BUILD_DIR}/${FRAMEWORKS_FOLDER_PATH}/GoogleToolboxForMac.framework",
				"${TARGET_BUILD_DIR}/${FRAMEWORKS_FOLDER_PATH}/JSQMessagesViewController.framework",
				"${TARGET_BUILD_DIR}/${FRAMEWORKS_FOLDER_PATH}/JSQSystemSoundPlayer.framework",
				"${TARGET_BUILD_DIR}/${FRAMEWORKS_FOLDER_PATH}/Protobuf.framework",
				"${TARGET_BUILD_DIR}/${FRAMEWORKS_FOLDER_PATH}/leveldb.framework",
				"${TARGET_BUILD_DIR}/${FRAMEWORKS_FOLDER_PATH}/nanopb.framework",
			);
			runOnlyForDeploymentPostprocessing = 0;
			shellPath = /bin/sh;
			shellScript = "\"${SRCROOT}/Pods/Target Support Files/Pods-NEEDLE/Pods-NEEDLE-frameworks.sh\"\n";
			showEnvVarsInLog = 0;
		};
		E0EDA8471FD28DDC00A1A57E /* ShellScript */ = {
			isa = PBXShellScriptBuildPhase;
			buildActionMask = 2147483647;
			files = (
			);
			inputPaths = (
			);
			outputPaths = (
			);
			runOnlyForDeploymentPostprocessing = 0;
			shellPath = /bin/sh;
			shellScript = "${SRCROOT}/Scripts/strip-frameworks.sh";
		};
/* End PBXShellScriptBuildPhase section */

/* Begin PBXSourcesBuildPhase section */
		E0D087D41FCEF0B3005681CC /* Sources */ = {
			isa = PBXSourcesBuildPhase;
			buildActionMask = 2147483647;
			files = (
				E0F532C61FE42B1500221EF1 /* NowEventsViewController.swift in Sources */,
				E0F532D01FE5109300221EF1 /* InfoTableViewCell.swift in Sources */,
				E06176211FDAC56400E830CA /* loginScreenController.swift in Sources */,
				E0D087F51FCEF579005681CC /* FifthViewController.swift in Sources */,
				E0998E2F1FD30DF8003C97C0 /* loginAreaView.swift in Sources */,
				E0F532D91FE5564F00221EF1 /* EventQAViewController.swift in Sources */,
				E071697F1FE673F500BEE09A /* SignUpPageViewController.swift in Sources */,
				E0D088051FCF1553005681CC /* CAGradientLayer.swift in Sources */,
				E09FB3511FDC302700D47536 /* UpTabbarController.swift in Sources */,
				E09FB34D1FDC087F00D47536 /* EventPostCellTableViewCell.swift in Sources */,
				E02FDFA21FDBE0560092BB84 /* ProfileHeaderView.swift in Sources */,
				E09FB34F1FDC15C800D47536 /* Event.swift in Sources */,
				E0F532D21FE5561800221EF1 /* EventFeedViewController.swift in Sources */,
				E0D087E01FCEF0B3005681CC /* SecondViewController.swift in Sources */,
				E071697D1FE673DF00BEE09A /* SignInPageViewController.swift in Sources */,
				E0F532BE1FE4219600221EF1 /* MessageAnnounceViewController.swift in Sources */,
				E0F532C41FE42AFB00221EF1 /* FollowerViewController.swift in Sources */,
				E02FDFA41FDBE0910092BB84 /* ProfilePageTableViewController.swift in Sources */,
				E01203B81FDD69A500838638 /* EventPostView.swift in Sources */,
				E0F532DF1FE5856500221EF1 /* UnderlinedTextField.swift in Sources */,
				E0D088031FCF1515005681CC /* UINavigationBar+gradient.swift in Sources */,
				E0EDA84A1FD2917B00A1A57E /* NMapViewResources.swift in Sources */,
				E0F532C21FE429BF00221EF1 /* EventsTabBarController.swift in Sources */,
				E0F532DB1FE5775400221EF1 /* addEventTableViewController.swift in Sources */,
				A8C5F96C1FE6571300E49D85 /* ChatViewController.swift in Sources */,
				E0F532D61FE5563800221EF1 /* EventFileViewController.swift in Sources */,
				E0F532C81FE42B2700221EF1 /* FinishedEventsViewController.swift in Sources */,
				E0D088071FCF16E2005681CC /* UIColor+Ext.swift in Sources */,
				E0F532BC1FE4216B00221EF1 /* MessageAllViewController.swift in Sources */,
				E0D087F71FCF078F005681CC /* NeedleTabBarItem.swift in Sources */,
				E0D087DC1FCEF0B3005681CC /* AppDelegate.swift in Sources */,
				E0F532BA1FE4000F00221EF1 /* MessageTabBarController.swift in Sources */,
				E0D087F11FCEF3C0005681CC /* ThirdViewController.swift in Sources */,
				E0F532D41FE5562A00221EF1 /* EventPhotoViewController.swift in Sources */,
				E0D087DE1FCEF0B3005681CC /* FirstViewController.swift in Sources */,
				E0D087FA1FCF0C9B005681CC /* NeedleNavigationBar.swift in Sources */,
				E0998E2B1FD30074003C97C0 /* menuListCell.swift in Sources */,
				E0F532CE1FE4FC0800221EF1 /* EventPageTabBarController.swift in Sources */,
				E0F532C01FE421AC00221EF1 /* MessageDirectViewController.swift in Sources */,
				E0F532CC1FE4F52F00221EF1 /* EventInfoViewController.swift in Sources */,
				E0D087F31FCEF568005681CC /* FourthViewController.swift in Sources */,
			);
			runOnlyForDeploymentPostprocessing = 0;
		};
/* End PBXSourcesBuildPhase section */

/* Begin PBXVariantGroup section */
		E0D087E11FCEF0B3005681CC /* Main.storyboard */ = {
			isa = PBXVariantGroup;
			children = (
				E0D087E21FCEF0B3005681CC /* Base */,
			);
			name = Main.storyboard;
			sourceTree = "<group>";
		};
		E0D087E61FCEF0B3005681CC /* LaunchScreen.storyboard */ = {
			isa = PBXVariantGroup;
			children = (
				E0D087E71FCEF0B3005681CC /* Base */,
			);
			name = LaunchScreen.storyboard;
			sourceTree = "<group>";
		};
/* End PBXVariantGroup section */

/* Begin XCBuildConfiguration section */
		E0D087EA1FCEF0B3005681CC /* Debug */ = {
			isa = XCBuildConfiguration;
			buildSettings = {
				ALWAYS_SEARCH_USER_PATHS = NO;
				CLANG_ANALYZER_NONNULL = YES;
				CLANG_ANALYZER_NUMBER_OBJECT_CONVERSION = YES_AGGRESSIVE;
				CLANG_CXX_LANGUAGE_STANDARD = "gnu++14";
				CLANG_CXX_LIBRARY = "libc++";
				CLANG_ENABLE_MODULES = YES;
				CLANG_ENABLE_OBJC_ARC = YES;
				CLANG_WARN_BLOCK_CAPTURE_AUTORELEASING = YES;
				CLANG_WARN_BOOL_CONVERSION = YES;
				CLANG_WARN_COMMA = YES;
				CLANG_WARN_CONSTANT_CONVERSION = YES;
				CLANG_WARN_DIRECT_OBJC_ISA_USAGE = YES_ERROR;
				CLANG_WARN_DOCUMENTATION_COMMENTS = YES;
				CLANG_WARN_EMPTY_BODY = YES;
				CLANG_WARN_ENUM_CONVERSION = YES;
				CLANG_WARN_INFINITE_RECURSION = YES;
				CLANG_WARN_INT_CONVERSION = YES;
				CLANG_WARN_NON_LITERAL_NULL_CONVERSION = YES;
				CLANG_WARN_OBJC_LITERAL_CONVERSION = YES;
				CLANG_WARN_OBJC_ROOT_CLASS = YES_ERROR;
				CLANG_WARN_RANGE_LOOP_ANALYSIS = YES;
				CLANG_WARN_STRICT_PROTOTYPES = YES;
				CLANG_WARN_SUSPICIOUS_MOVE = YES;
				CLANG_WARN_UNGUARDED_AVAILABILITY = YES_AGGRESSIVE;
				CLANG_WARN_UNREACHABLE_CODE = YES;
				CLANG_WARN__DUPLICATE_METHOD_MATCH = YES;
				CODE_SIGN_IDENTITY = "iPhone Developer";
				COPY_PHASE_STRIP = NO;
				DEBUG_INFORMATION_FORMAT = dwarf;
				ENABLE_STRICT_OBJC_MSGSEND = YES;
				ENABLE_TESTABILITY = YES;
				GCC_C_LANGUAGE_STANDARD = gnu11;
				GCC_DYNAMIC_NO_PIC = NO;
				GCC_NO_COMMON_BLOCKS = YES;
				GCC_OPTIMIZATION_LEVEL = 0;
				GCC_PREPROCESSOR_DEFINITIONS = (
					"DEBUG=1",
					"$(inherited)",
				);
				GCC_WARN_64_TO_32_BIT_CONVERSION = YES;
				GCC_WARN_ABOUT_RETURN_TYPE = YES_ERROR;
				GCC_WARN_UNDECLARED_SELECTOR = YES;
				GCC_WARN_UNINITIALIZED_AUTOS = YES_AGGRESSIVE;
				GCC_WARN_UNUSED_FUNCTION = YES;
				GCC_WARN_UNUSED_VARIABLE = YES;
				IPHONEOS_DEPLOYMENT_TARGET = 11.1;
				MTL_ENABLE_DEBUG_INFO = YES;
				ONLY_ACTIVE_ARCH = YES;
				SDKROOT = iphoneos;
				SWIFT_ACTIVE_COMPILATION_CONDITIONS = DEBUG;
				SWIFT_OPTIMIZATION_LEVEL = "-Onone";
			};
			name = Debug;
		};
		E0D087EB1FCEF0B3005681CC /* Release */ = {
			isa = XCBuildConfiguration;
			buildSettings = {
				ALWAYS_SEARCH_USER_PATHS = NO;
				CLANG_ANALYZER_NONNULL = YES;
				CLANG_ANALYZER_NUMBER_OBJECT_CONVERSION = YES_AGGRESSIVE;
				CLANG_CXX_LANGUAGE_STANDARD = "gnu++14";
				CLANG_CXX_LIBRARY = "libc++";
				CLANG_ENABLE_MODULES = YES;
				CLANG_ENABLE_OBJC_ARC = YES;
				CLANG_WARN_BLOCK_CAPTURE_AUTORELEASING = YES;
				CLANG_WARN_BOOL_CONVERSION = YES;
				CLANG_WARN_COMMA = YES;
				CLANG_WARN_CONSTANT_CONVERSION = YES;
				CLANG_WARN_DIRECT_OBJC_ISA_USAGE = YES_ERROR;
				CLANG_WARN_DOCUMENTATION_COMMENTS = YES;
				CLANG_WARN_EMPTY_BODY = YES;
				CLANG_WARN_ENUM_CONVERSION = YES;
				CLANG_WARN_INFINITE_RECURSION = YES;
				CLANG_WARN_INT_CONVERSION = YES;
				CLANG_WARN_NON_LITERAL_NULL_CONVERSION = YES;
				CLANG_WARN_OBJC_LITERAL_CONVERSION = YES;
				CLANG_WARN_OBJC_ROOT_CLASS = YES_ERROR;
				CLANG_WARN_RANGE_LOOP_ANALYSIS = YES;
				CLANG_WARN_STRICT_PROTOTYPES = YES;
				CLANG_WARN_SUSPICIOUS_MOVE = YES;
				CLANG_WARN_UNGUARDED_AVAILABILITY = YES_AGGRESSIVE;
				CLANG_WARN_UNREACHABLE_CODE = YES;
				CLANG_WARN__DUPLICATE_METHOD_MATCH = YES;
				CODE_SIGN_IDENTITY = "iPhone Developer";
				COPY_PHASE_STRIP = NO;
				DEBUG_INFORMATION_FORMAT = "dwarf-with-dsym";
				ENABLE_NS_ASSERTIONS = NO;
				ENABLE_STRICT_OBJC_MSGSEND = YES;
				GCC_C_LANGUAGE_STANDARD = gnu11;
				GCC_NO_COMMON_BLOCKS = YES;
				GCC_WARN_64_TO_32_BIT_CONVERSION = YES;
				GCC_WARN_ABOUT_RETURN_TYPE = YES_ERROR;
				GCC_WARN_UNDECLARED_SELECTOR = YES;
				GCC_WARN_UNINITIALIZED_AUTOS = YES_AGGRESSIVE;
				GCC_WARN_UNUSED_FUNCTION = YES;
				GCC_WARN_UNUSED_VARIABLE = YES;
				IPHONEOS_DEPLOYMENT_TARGET = 11.1;
				MTL_ENABLE_DEBUG_INFO = NO;
				SDKROOT = iphoneos;
				SWIFT_OPTIMIZATION_LEVEL = "-Owholemodule";
				VALIDATE_PRODUCT = YES;
			};
			name = Release;
		};
		E0D087ED1FCEF0B3005681CC /* Debug */ = {
			isa = XCBuildConfiguration;
			baseConfigurationReference = B2074370684790E0ADEB605B /* Pods-NEEDLE.debug.xcconfig */;
			buildSettings = {
				ASSETCATALOG_COMPILER_APPICON_NAME = AppIcon;
				CODE_SIGN_STYLE = Automatic;
				DEVELOPMENT_TEAM = CWW8335878;
				FRAMEWORK_SEARCH_PATHS = (
					"$(inherited)",
					"$(PROJECT_DIR)",
					"\"$(SRCROOT)/NMapViewerSDK.framework\"",
					"\"$(SRCROOT)/ApiGatewayMac.framework\"",
				);
				INFOPLIST_FILE = "$(SRCROOT)/NEEDLE/Info.plist";
				IPHONEOS_DEPLOYMENT_TARGET = 10.0;
				LD_RUNPATH_SEARCH_PATHS = "$(inherited) @executable_path/Frameworks";
				OTHER_LDFLAGS = (
					"-ObjC",
					"-lxml2",
					"$(inherited)",
				);
				PRODUCT_BUNDLE_IDENTIFIER = kr.ac.ssu.needle;
				PRODUCT_NAME = "$(TARGET_NAME)";
				SWIFT_OBJC_BRIDGING_HEADER = "${SRCROOT}/NEEDLE/NMHeader.h";
				SWIFT_VERSION = 4.0;
				TARGETED_DEVICE_FAMILY = "1,2";
			};
			name = Debug;
		};
		E0D087EE1FCEF0B3005681CC /* Release */ = {
			isa = XCBuildConfiguration;
			baseConfigurationReference = 781FE9419F45003A51708488 /* Pods-NEEDLE.release.xcconfig */;
			buildSettings = {
				ASSETCATALOG_COMPILER_APPICON_NAME = AppIcon;
				CODE_SIGN_STYLE = Automatic;
				DEVELOPMENT_TEAM = CWW8335878;
				FRAMEWORK_SEARCH_PATHS = (
					"$(inherited)",
					"$(PROJECT_DIR)",
					"\"$(SRCROOT)/NMapViewerSDK.framework\"",
					"\"$(SRCROOT)/ApiGatewayMac.framework\"",
				);
				INFOPLIST_FILE = "$(SRCROOT)/NEEDLE/Info.plist";
				IPHONEOS_DEPLOYMENT_TARGET = 10.0;
				LD_RUNPATH_SEARCH_PATHS = "$(inherited) @executable_path/Frameworks";
				OTHER_LDFLAGS = (
					"-ObjC",
					"-lxml2",
					"$(inherited)",
				);
				PRODUCT_BUNDLE_IDENTIFIER = kr.ac.ssu.needle;
				PRODUCT_NAME = "$(TARGET_NAME)";
				SWIFT_OBJC_BRIDGING_HEADER = "${SRCROOT}/NEEDLE/NMHeader.h";
				SWIFT_VERSION = 4.0;
				TARGETED_DEVICE_FAMILY = "1,2";
			};
			name = Release;
		};
/* End XCBuildConfiguration section */

/* Begin XCConfigurationList section */
		E0D087D31FCEF0B3005681CC /* Build configuration list for PBXProject "NEEDLE" */ = {
			isa = XCConfigurationList;
			buildConfigurations = (
				E0D087EA1FCEF0B3005681CC /* Debug */,
				E0D087EB1FCEF0B3005681CC /* Release */,
			);
			defaultConfigurationIsVisible = 0;
			defaultConfigurationName = Release;
		};
		E0D087EC1FCEF0B3005681CC /* Build configuration list for PBXNativeTarget "NEEDLE" */ = {
			isa = XCConfigurationList;
			buildConfigurations = (
				E0D087ED1FCEF0B3005681CC /* Debug */,
				E0D087EE1FCEF0B3005681CC /* Release */,
			);
			defaultConfigurationIsVisible = 0;
			defaultConfigurationName = Release;
		};
/* End XCConfigurationList section */
	};
	rootObject = E0D087D01FCEF0B3005681CC /* Project object */;
}
